
Microsoft Visual Studio Solution File, Format Version 12.00
# Visual Studio Version 17
VisualStudioVersion = 17.7.34031.279
MinimumVisualStudioVersion = 10.0.40219.1
Project("{9A19103F-16F7-4668-BE54-9A1E7A4F7556}") = "MagicVilla_API", "MagicVilla_API.csproj", "{802F8166-3B34-4ADC-959F-F9A2874A6C9B}"
EndProject
Project("{FAE04EC0-301F-11D3-BF4B-00C04F79EFBC}") = "MagicVilla_Web", "..\MagicVilla_Web\MagicVilla_Web.csproj", "{5CF629D4-0EA6-4E92-9153-7037215A2126}"
EndProject
Project("{FAE04EC0-301F-11D3-BF4B-00C04F79EFBC}") = "MagicVilla_Utility", "..\MagicVilla_Utility\MagicVilla_Utility.csproj", "{99EBA322-C7CF-4B69-9E09-491D458A6568}"
EndProject
Global
	GlobalSection(SolutionConfigurationPlatforms) = preSolution
		Debug|Any CPU = Debug|Any CPU
		Release|Any CPU = Release|Any CPU
	EndGlobalSection
	GlobalSection(ProjectConfigurationPlatforms) = postSolution
		{802F8166-3B34-4ADC-959F-F9A2874A6C9B}.Debug|Any CPU.ActiveCfg = Debug|Any CPU
		{802F8166-3B34-4ADC-959F-F9A2874A6C9B}.Debug|Any CPU.Build.0 = Debug|Any CPU
		{802F8166-3B34-4ADC-959F-F9A2874A6C9B}.Release|Any CPU.ActiveCfg = Release|Any CPU
		{802F8166-3B34-4ADC-959F-F9A2874A6C9B}.Release|Any CPU.Build.0 = Release|Any CPU
		{5CF629D4-0EA6-4E92-9153-7037215A2126}.Debug|Any CPU.ActiveCfg = Debug|Any CPU
		{5CF629D4-0EA6-4E92-9153-7037215A2126}.Debug|Any CPU.Build.0 = Debug|Any CPU
		{5CF629D4-0EA6-4E92-9153-7037215A2126}.Release|Any CPU.ActiveCfg = Release|Any CPU
		{5CF629D4-0EA6-4E92-9153-7037215A2126}.Release|Any CPU.Build.0 = Release|Any CPU
		{99EBA322-C7CF-4B69-9E09-491D458A6568}.Debug|Any CPU.ActiveCfg = Debug|Any CPU
		{99EBA322-C7CF-4B69-9E09-491D458A6568}.Debug|Any CPU.Build.0 = Debug|Any CPU
		{99EBA322-C7CF-4B69-9E09-491D458A6568}.Release|Any CPU.ActiveCfg = Release|Any CPU
		{99EBA322-C7CF-4B69-9E09-491D458A6568}.Release|Any CPU.Build.0 = Release|Any CPU
	EndGlobalSection
	GlobalSection(SolutionProperties) = preSolution
		HideSolutionNode = FALSE
	EndGlobalSection
	GlobalSection(ExtensibilityGlobals) = postSolution
		SolutionGuid = {C3B6A0B4-1598-4C5C-A98A-A3D7A5E0748C}
	EndGlobalSection
EndGlobal
